{
  "name": "angular-oauth2-oidc-rit",
  "version": "3.1.6",
  "lockfileVersion": 1,
  "requires": true,
  "dependencies": {
    "jsrsasign": {
      "version": "8.0.3",
      "resolved": "https://registry.npmjs.org/jsrsasign/-/jsrsasign-8.0.3.tgz",
      "integrity": "sha1-BAF7FFL19+9s//BT/t5NOXr8iRA="
    }
  }
}
